
Microsoft Visual Studio Solution File, Format Version 12.00
# Visual Studio Version 17
VisualStudioVersion = 17.9.34607.119
MinimumVisualStudioVersion = 10.0.40219.1
Project("{9A19103F-16F7-4668-BE54-9A1E7A4F7556}") = "NumberSorter.WebUI", "NumberSorter.WebUI\NumberSorter.WebUI.csproj", "{5E9D89CA-8CAA-4631-9CED-15F9BCA36A7E}"
EndProject
Project("{FAE04EC0-301F-11D3-BF4B-00C04F79EFBC}") = "NumberSorter.Services", "NumberSorter.Services\NumberSorter.Services.csproj", "{FC2983EA-B20D-43CA-B874-B2B62DAED341}"
EndProject
Project("{FAE04EC0-301F-11D3-BF4B-00C04F79EFBC}") = "NumberSorter.Data", "NumberSorter.Data\NumberSorter.Data.csproj", "{5966AFBA-D9A4-4221-AE48-2EB281A61EBA}"
EndProject
Project("{FAE04EC0-301F-11D3-BF4B-00C04F79EFBC}") = "NumberSorter.Common", "NumberSorter.Common\NumberSorter.Common.csproj", "{ECE21C46-48D4-40BE-B79D-3616A9C0B64E}"
EndProject
Global
	GlobalSection(SolutionConfigurationPlatforms) = preSolution
		Debug|Any CPU = Debug|Any CPU
		Release|Any CPU = Release|Any CPU
	EndGlobalSection
	GlobalSection(ProjectConfigurationPlatforms) = postSolution
		{5E9D89CA-8CAA-4631-9CED-15F9BCA36A7E}.Debug|Any CPU.ActiveCfg = Debug|Any CPU
		{5E9D89CA-8CAA-4631-9CED-15F9BCA36A7E}.Debug|Any CPU.Build.0 = Debug|Any CPU
		{5E9D89CA-8CAA-4631-9CED-15F9BCA36A7E}.Release|Any CPU.ActiveCfg = Release|Any CPU
		{5E9D89CA-8CAA-4631-9CED-15F9BCA36A7E}.Release|Any CPU.Build.0 = Release|Any CPU
		{FC2983EA-B20D-43CA-B874-B2B62DAED341}.Debug|Any CPU.ActiveCfg = Debug|Any CPU
		{FC2983EA-B20D-43CA-B874-B2B62DAED341}.Debug|Any CPU.Build.0 = Debug|Any CPU
		{FC2983EA-B20D-43CA-B874-B2B62DAED341}.Release|Any CPU.ActiveCfg = Release|Any CPU
		{FC2983EA-B20D-43CA-B874-B2B62DAED341}.Release|Any CPU.Build.0 = Release|Any CPU
		{5966AFBA-D9A4-4221-AE48-2EB281A61EBA}.Debug|Any CPU.ActiveCfg = Debug|Any CPU
		{5966AFBA-D9A4-4221-AE48-2EB281A61EBA}.Debug|Any CPU.Build.0 = Debug|Any CPU
		{5966AFBA-D9A4-4221-AE48-2EB281A61EBA}.Release|Any CPU.ActiveCfg = Release|Any CPU
		{5966AFBA-D9A4-4221-AE48-2EB281A61EBA}.Release|Any CPU.Build.0 = Release|Any CPU
		{ECE21C46-48D4-40BE-B79D-3616A9C0B64E}.Debug|Any CPU.ActiveCfg = Debug|Any CPU
		{ECE21C46-48D4-40BE-B79D-3616A9C0B64E}.Debug|Any CPU.Build.0 = Debug|Any CPU
		{ECE21C46-48D4-40BE-B79D-3616A9C0B64E}.Release|Any CPU.ActiveCfg = Release|Any CPU
		{ECE21C46-48D4-40BE-B79D-3616A9C0B64E}.Release|Any CPU.Build.0 = Release|Any CPU
	EndGlobalSection
	GlobalSection(SolutionProperties) = preSolution
		HideSolutionNode = FALSE
	EndGlobalSection
	GlobalSection(ExtensibilityGlobals) = postSolution
		SolutionGuid = {CFB2F722-988F-4D88-951D-78A353ED7777}
	EndGlobalSection
EndGlobal
